# This file is autogenerated, do not edit; changes may be undone by the next 'dep ensure'.


[[projects]]
  name = "github.com/dave/jennifer"
  packages = ["jen"]
  revision = "585b61e32a467a61d41152322337e8dfdb86c932"
  version = "v0.17.1"

[[projects]]
  name = "github.com/julienschmidt/httprouter"
  packages = ["."]
  revision = "8c199fb6259ffc1af525cc3ad52ee60ba8359669"
  version = "v1.1"

[solve-meta]
  analyzer-name = "dep"
  analyzer-version = 1
  inputs-digest = "b621cc5f18f8649acb676ac8ca4e69087d1110a93142e7c2b604f1627efc0558"
  solver-name = "gps-cdcl"
  solver-version = 1
